
Microsoft Visual Studio Solution File, Format Version 12.00
# Visual Studio Version 16
VisualStudioVersion = 16.0.31019.35
MinimumVisualStudioVersion = 10.0.40219.1
Project("{FAE04EC0-301F-11D3-BF4B-00C04F79EFBC}") = "HotelBill", "HotelBill.csproj", "{4014C205-4534-4A97-89C6-C529720336EE}"
EndProject
Global
	GlobalSection(SolutionConfigurationPlatforms) = preSolution
		Debug|Any CPU = Debug|Any CPU
		Release|Any CPU = Release|Any CPU
	EndGlobalSection
	GlobalSection(ProjectConfigurationPlatforms) = postSolution
		{4014C205-4534-4A97-89C6-C529720336EE}.Debug|Any CPU.ActiveCfg = Debug|Any CPU
		{4014C205-4534-4A97-89C6-C529720336EE}.Debug|Any CPU.Build.0 = Debug|Any CPU
		{4014C205-4534-4A97-89C6-C529720336EE}.Release|Any CPU.ActiveCfg = Release|Any CPU
		{4014C205-4534-4A97-89C6-C529720336EE}.Release|Any CPU.Build.0 = Release|Any CPU
	EndGlobalSection
	GlobalSection(SolutionProperties) = preSolution
		HideSolutionNode = FALSE
	EndGlobalSection
	GlobalSection(ExtensibilityGlobals) = postSolution
		SolutionGuid = {E8A4CDE3-2DB1-4263-BD83-E28E9C2BA97A}
	EndGlobalSection
EndGlobal
